
Microsoft Visual Studio Solution File, Format Version 12.00
# Visual Studio Version 17
VisualStudioVersion = 17.0.31903.59
MinimumVisualStudioVersion = 10.0.40219.1
Project("{2150E333-8FDC-42A3-9474-1A3956D46DE8}") = "Microservices", "Microservices", "{6EA813CE-76C8-4800-9689-8F5A7ACFC8D4}"
EndProject
Project("{2150E333-8FDC-42A3-9474-1A3956D46DE8}") = "IdentityServer", "IdentityServer", "{3F626CA2-8D77-4406-B52E-FE2242D73BF6}"
EndProject
Project("{9A19103F-16F7-4668-BE54-9A1E7A4F7556}") = "IdentityServer.API", "IdentityServer\IdentityServer.API\IdentityServer.API.csproj", "{5F515195-A3D9-4765-A929-6B5A8F890113}"
EndProject
Project("{9A19103F-16F7-4668-BE54-9A1E7A4F7556}") = "IdenitityServer.Core", "IdentityServer\IdenitityServer.Core\IdenitityServer.Core.csproj", "{012B092C-8904-4768-8095-356FE41B1F4E}"
EndProject
Project("{9A19103F-16F7-4668-BE54-9A1E7A4F7556}") = "IdentityServer.Infrastruture", "IdentityServer\IdentityServer.Infrastruture\IdentityServer.Infrastruture.csproj", "{21D22C1E-6C29-4371-93DA-EBA7F8BA4C58}"
EndProject
Project("{9A19103F-16F7-4668-BE54-9A1E7A4F7556}") = "IdentityServer.Tests", "IdentityServer\IdentityServer.Tests\IdentityServer.Tests.csproj", "{13D9855F-4FA5-40DF-B655-1DA1B6720F77}"
EndProject
Project("{2150E333-8FDC-42A3-9474-1A3956D46DE8}") = "Core", "Core", "{9EF2ED5D-1E61-4EAA-BD4C-AB5D5F407759}"
EndProject
Project("{2150E333-8FDC-42A3-9474-1A3956D46DE8}") = "Domain", "Domain", "{E88B3EBF-7185-4B8E-9A40-A8B7BA2583C3}"
EndProject
Project("{2150E333-8FDC-42A3-9474-1A3956D46DE8}") = "Infrastructures", "Infrastructures", "{60D363F0-4175-411E-84E8-F42FE47B6FFC}"
EndProject
Project("{2150E333-8FDC-42A3-9474-1A3956D46DE8}") = "Shared", "Shared", "{6E9C7476-7D32-492E-992B-750ECE2E4846}"
EndProject
Project("{2150E333-8FDC-42A3-9474-1A3956D46DE8}") = "WebJobs", "WebJobs", "{C60C962C-E1C6-4E94-A5EC-FFDEB7404B0D}"
EndProject
Project("{9A19103F-16F7-4668-BE54-9A1E7A4F7556}") = "MenuManagment.Mongo.Domain", "Domain\MenuManagment.Domain\MenuManagment.Mongo.Domain.csproj", "{7FE4607E-0763-4ED6-A771-9E3D7CBD44DD}"
EndProject
Project("{9A19103F-16F7-4668-BE54-9A1E7A4F7556}") = "MenuMangement.HttpClient.Domain", "Domain\MenuMangement.HttpClient.Domain\MenuMangement.HttpClient.Domain.csproj", "{679CFD84-B631-44A5-B578-59D784422139}"
EndProject
Project("{9A19103F-16F7-4668-BE54-9A1E7A4F7556}") = "MenuMangement.RabbitMqClient.Domain", "Domain\MenuMangement.RabbitMqClient.Domain\MenuMangement.RabbitMqClient.Domain.csproj", "{BFB0AA7D-41FE-4B62-8F87-3BB96C070ED6}"
EndProject
Project("{9A19103F-16F7-4668-BE54-9A1E7A4F7556}") = "Inventory.Microservice.Core", "Core\MenuManagement.Core\Inventory.Microservice.Core.csproj", "{46BF6D15-6C2F-4677-836D-333719143DF2}"
EndProject
Project("{9A19103F-16F7-4668-BE54-9A1E7A4F7556}") = "Notification.Microservice.Core", "Core\Notification.Microservice.Core\Notification.Microservice.Core.csproj", "{7AA7998C-FE82-4294-8CEC-D7AFE8DA2F53}"
EndProject
Project("{9A19103F-16F7-4668-BE54-9A1E7A4F7556}") = "OrderManagement.Microservice.Core", "Core\OrderManagement.Microservice.Core\OrderManagement.Microservice.Core.csproj", "{8BA51526-F8C6-4F7C-A475-A6E981AAB42A}"
EndProject
Project("{9A19103F-16F7-4668-BE54-9A1E7A4F7556}") = "Saga.Orchestrator.Core", "Core\Saga.Orchestrator.Core\Saga.Orchestrator.Core.csproj", "{D171C7E2-2578-4787-83EA-4B6C0ACDBF72}"
EndProject
Project("{9A19103F-16F7-4668-BE54-9A1E7A4F7556}") = "Inventory.Mongo.Persistance", "Infrastructures\Inventory.Mongo.Persistance\Inventory.Mongo.Persistance.csproj", "{4130E7A5-8264-482A-A63C-F6252FFB7DB4}"
EndProject
Project("{9A19103F-16F7-4668-BE54-9A1E7A4F7556}") = "MenuManagement.Infrastruture.RabbitMqClient", "Infrastructures\MenuManagement.Infrastruture.RabbitMqClient\MenuManagement.Infrastruture.RabbitMqClient.csproj", "{B15D8E7B-E094-4616-93C4-7A200E4689D4}"
EndProject
Project("{9A19103F-16F7-4668-BE54-9A1E7A4F7556}") = "MenuMangement.Infrastructure.HttpClient", "Infrastructures\MenuMangement.Infrastructure.HttpClient\MenuMangement.Infrastructure.HttpClient.csproj", "{EF05B273-EF39-465C-A58D-42BBF281C6DD}"
EndProject
Project("{9A19103F-16F7-4668-BE54-9A1E7A4F7556}") = "MongoDb.Shared.Persistance", "Infrastructures\MongoDb.Shared.Persistance\MongoDb.Shared.Persistance.csproj", "{95020A7F-35A3-4818-B164-3251E1E42A2F}"
EndProject
Project("{9A19103F-16F7-4668-BE54-9A1E7A4F7556}") = "Notification.Mongo.Persistance", "Infrastructures\Notification.Mongo.Persistance\Notification.Mongo.Persistance.csproj", "{8B431926-721A-43D9-9D4E-178E8AC5C52E}"
EndProject
Project("{9A19103F-16F7-4668-BE54-9A1E7A4F7556}") = "OrderManagement.Mongo.Persistance", "Infrastructures\OrderManagement.Mongo.Persistance\OrderManagement.Mongo.Persistance.csproj", "{16A95DB2-EBD0-4296-A4DE-32C9355E0E3F}"
EndProject
Project("{9A19103F-16F7-4668-BE54-9A1E7A4F7556}") = "SignalRHub.Base.Infrastructure", "Infrastructures\SignalRHub.Base.Infrastructure\SignalRHub.Base.Infrastructure.csproj", "{50B4CBF5-045F-459A-80FB-599A5763FE2C}"
EndProject
Project("{9A19103F-16F7-4668-BE54-9A1E7A4F7556}") = "MenuOrder.Shared", "Shared\MenuOrder.Shared\MenuOrder.Shared.csproj", "{E8C8D827-4FD9-4676-9013-D82BF1A398D4}"
EndProject
Project("{2150E333-8FDC-42A3-9474-1A3956D46DE8}") = "API", "API", "{10B2A374-10E6-4725-B67E-0CA0106B42A0}"
EndProject
Project("{9A19103F-16F7-4668-BE54-9A1E7A4F7556}") = "MenuManagement.InventoryMicroService.API", "Web APIs\MenuManagement.InventoryMicroService.API\MenuManagement.InventoryMicroService.API.csproj", "{E9C655BE-46DB-4954-92EC-91D0FB51D2B2}"
EndProject
Project("{9A19103F-16F7-4668-BE54-9A1E7A4F7556}") = "MenuManagement.Notification.API", "Web APIs\MenuManagement.Notification.API\MenuManagement.Notification.API.csproj", "{DE93097F-6C48-4650-926C-60FD8EDB0912}"
EndProject
Project("{9A19103F-16F7-4668-BE54-9A1E7A4F7556}") = "MenuManagement.SignalR.HubService", "Web APIs\MenuManagement.SignalR.HubService\MenuManagement.SignalR.HubService.csproj", "{CEBBB85F-9902-4FA1-9BB0-58E251353A19}"
EndProject
Project("{9A19103F-16F7-4668-BE54-9A1E7A4F7556}") = "MenuMangement.OrderManagement.API", "Web APIs\MenuMangement.OrderManagement.API\MenuMangement.OrderManagement.API.csproj", "{6E55CFCB-3C98-4D89-8220-39789D038FEA}"
EndProject
Project("{9A19103F-16F7-4668-BE54-9A1E7A4F7556}") = "MenuOrder.OrchestratorMicroService.API", "Web APIs\MenuOrder.OrchestratorMicroService.API\MenuOrder.OrchestratorMicroService.API.csproj", "{F23B62EF-60F3-4ACE-B9B3-1889C7618AA3}"
EndProject
Project("{9A19103F-16F7-4668-BE54-9A1E7A4F7556}") = "VendorRegistration.WebJob", "WebJobs\VendorRegistration.WebJob\VendorRegistration.WebJob.csproj", "{0B1B4B06-B34B-4A48-83A1-5F177266F1DB}"
EndProject
Global
	GlobalSection(SolutionConfigurationPlatforms) = preSolution
		Debug|Any CPU = Debug|Any CPU
		Release|Any CPU = Release|Any CPU
	EndGlobalSection
	GlobalSection(ProjectConfigurationPlatforms) = postSolution
		{5F515195-A3D9-4765-A929-6B5A8F890113}.Debug|Any CPU.ActiveCfg = Debug|Any CPU
		{5F515195-A3D9-4765-A929-6B5A8F890113}.Debug|Any CPU.Build.0 = Debug|Any CPU
		{5F515195-A3D9-4765-A929-6B5A8F890113}.Release|Any CPU.ActiveCfg = Release|Any CPU
		{5F515195-A3D9-4765-A929-6B5A8F890113}.Release|Any CPU.Build.0 = Release|Any CPU
		{012B092C-8904-4768-8095-356FE41B1F4E}.Debug|Any CPU.ActiveCfg = Debug|Any CPU
		{012B092C-8904-4768-8095-356FE41B1F4E}.Debug|Any CPU.Build.0 = Debug|Any CPU
		{012B092C-8904-4768-8095-356FE41B1F4E}.Release|Any CPU.ActiveCfg = Release|Any CPU
		{012B092C-8904-4768-8095-356FE41B1F4E}.Release|Any CPU.Build.0 = Release|Any CPU
		{21D22C1E-6C29-4371-93DA-EBA7F8BA4C58}.Debug|Any CPU.ActiveCfg = Debug|Any CPU
		{21D22C1E-6C29-4371-93DA-EBA7F8BA4C58}.Debug|Any CPU.Build.0 = Debug|Any CPU
		{21D22C1E-6C29-4371-93DA-EBA7F8BA4C58}.Release|Any CPU.ActiveCfg = Release|Any CPU
		{21D22C1E-6C29-4371-93DA-EBA7F8BA4C58}.Release|Any CPU.Build.0 = Release|Any CPU
		{13D9855F-4FA5-40DF-B655-1DA1B6720F77}.Debug|Any CPU.ActiveCfg = Debug|Any CPU
		{13D9855F-4FA5-40DF-B655-1DA1B6720F77}.Debug|Any CPU.Build.0 = Debug|Any CPU
		{13D9855F-4FA5-40DF-B655-1DA1B6720F77}.Release|Any CPU.ActiveCfg = Release|Any CPU
		{13D9855F-4FA5-40DF-B655-1DA1B6720F77}.Release|Any CPU.Build.0 = Release|Any CPU
		{7FE4607E-0763-4ED6-A771-9E3D7CBD44DD}.Debug|Any CPU.ActiveCfg = Debug|Any CPU
		{7FE4607E-0763-4ED6-A771-9E3D7CBD44DD}.Debug|Any CPU.Build.0 = Debug|Any CPU
		{7FE4607E-0763-4ED6-A771-9E3D7CBD44DD}.Release|Any CPU.ActiveCfg = Release|Any CPU
		{7FE4607E-0763-4ED6-A771-9E3D7CBD44DD}.Release|Any CPU.Build.0 = Release|Any CPU
		{679CFD84-B631-44A5-B578-59D784422139}.Debug|Any CPU.ActiveCfg = Debug|Any CPU
		{679CFD84-B631-44A5-B578-59D784422139}.Debug|Any CPU.Build.0 = Debug|Any CPU
		{679CFD84-B631-44A5-B578-59D784422139}.Release|Any CPU.ActiveCfg = Release|Any CPU
		{679CFD84-B631-44A5-B578-59D784422139}.Release|Any CPU.Build.0 = Release|Any CPU
		{BFB0AA7D-41FE-4B62-8F87-3BB96C070ED6}.Debug|Any CPU.ActiveCfg = Debug|Any CPU
		{BFB0AA7D-41FE-4B62-8F87-3BB96C070ED6}.Debug|Any CPU.Build.0 = Debug|Any CPU
		{BFB0AA7D-41FE-4B62-8F87-3BB96C070ED6}.Release|Any CPU.ActiveCfg = Release|Any CPU
		{BFB0AA7D-41FE-4B62-8F87-3BB96C070ED6}.Release|Any CPU.Build.0 = Release|Any CPU
		{46BF6D15-6C2F-4677-836D-333719143DF2}.Debug|Any CPU.ActiveCfg = Debug|Any CPU
		{46BF6D15-6C2F-4677-836D-333719143DF2}.Debug|Any CPU.Build.0 = Debug|Any CPU
		{46BF6D15-6C2F-4677-836D-333719143DF2}.Release|Any CPU.ActiveCfg = Release|Any CPU
		{46BF6D15-6C2F-4677-836D-333719143DF2}.Release|Any CPU.Build.0 = Release|Any CPU
		{7AA7998C-FE82-4294-8CEC-D7AFE8DA2F53}.Debug|Any CPU.ActiveCfg = Debug|Any CPU
		{7AA7998C-FE82-4294-8CEC-D7AFE8DA2F53}.Debug|Any CPU.Build.0 = Debug|Any CPU
		{7AA7998C-FE82-4294-8CEC-D7AFE8DA2F53}.Release|Any CPU.ActiveCfg = Release|Any CPU
		{7AA7998C-FE82-4294-8CEC-D7AFE8DA2F53}.Release|Any CPU.Build.0 = Release|Any CPU
		{8BA51526-F8C6-4F7C-A475-A6E981AAB42A}.Debug|Any CPU.ActiveCfg = Debug|Any CPU
		{8BA51526-F8C6-4F7C-A475-A6E981AAB42A}.Debug|Any CPU.Build.0 = Debug|Any CPU
		{8BA51526-F8C6-4F7C-A475-A6E981AAB42A}.Release|Any CPU.ActiveCfg = Release|Any CPU
		{8BA51526-F8C6-4F7C-A475-A6E981AAB42A}.Release|Any CPU.Build.0 = Release|Any CPU
		{D171C7E2-2578-4787-83EA-4B6C0ACDBF72}.Debug|Any CPU.ActiveCfg = Debug|Any CPU
		{D171C7E2-2578-4787-83EA-4B6C0ACDBF72}.Debug|Any CPU.Build.0 = Debug|Any CPU
		{D171C7E2-2578-4787-83EA-4B6C0ACDBF72}.Release|Any CPU.ActiveCfg = Release|Any CPU
		{D171C7E2-2578-4787-83EA-4B6C0ACDBF72}.Release|Any CPU.Build.0 = Release|Any CPU
		{4130E7A5-8264-482A-A63C-F6252FFB7DB4}.Debug|Any CPU.ActiveCfg = Debug|Any CPU
		{4130E7A5-8264-482A-A63C-F6252FFB7DB4}.Debug|Any CPU.Build.0 = Debug|Any CPU
		{4130E7A5-8264-482A-A63C-F6252FFB7DB4}.Release|Any CPU.ActiveCfg = Release|Any CPU
		{4130E7A5-8264-482A-A63C-F6252FFB7DB4}.Release|Any CPU.Build.0 = Release|Any CPU
		{B15D8E7B-E094-4616-93C4-7A200E4689D4}.Debug|Any CPU.ActiveCfg = Debug|Any CPU
		{B15D8E7B-E094-4616-93C4-7A200E4689D4}.Debug|Any CPU.Build.0 = Debug|Any CPU
		{B15D8E7B-E094-4616-93C4-7A200E4689D4}.Release|Any CPU.ActiveCfg = Release|Any CPU
		{B15D8E7B-E094-4616-93C4-7A200E4689D4}.Release|Any CPU.Build.0 = Release|Any CPU
		{EF05B273-EF39-465C-A58D-42BBF281C6DD}.Debug|Any CPU.ActiveCfg = Debug|Any CPU
		{EF05B273-EF39-465C-A58D-42BBF281C6DD}.Debug|Any CPU.Build.0 = Debug|Any CPU
		{EF05B273-EF39-465C-A58D-42BBF281C6DD}.Release|Any CPU.ActiveCfg = Release|Any CPU
		{EF05B273-EF39-465C-A58D-42BBF281C6DD}.Release|Any CPU.Build.0 = Release|Any CPU
		{95020A7F-35A3-4818-B164-3251E1E42A2F}.Debug|Any CPU.ActiveCfg = Debug|Any CPU
		{95020A7F-35A3-4818-B164-3251E1E42A2F}.Debug|Any CPU.Build.0 = Debug|Any CPU
		{95020A7F-35A3-4818-B164-3251E1E42A2F}.Release|Any CPU.ActiveCfg = Release|Any CPU
		{95020A7F-35A3-4818-B164-3251E1E42A2F}.Release|Any CPU.Build.0 = Release|Any CPU
		{8B431926-721A-43D9-9D4E-178E8AC5C52E}.Debug|Any CPU.ActiveCfg = Debug|Any CPU
		{8B431926-721A-43D9-9D4E-178E8AC5C52E}.Debug|Any CPU.Build.0 = Debug|Any CPU
		{8B431926-721A-43D9-9D4E-178E8AC5C52E}.Release|Any CPU.ActiveCfg = Release|Any CPU
		{8B431926-721A-43D9-9D4E-178E8AC5C52E}.Release|Any CPU.Build.0 = Release|Any CPU
		{16A95DB2-EBD0-4296-A4DE-32C9355E0E3F}.Debug|Any CPU.ActiveCfg = Debug|Any CPU
		{16A95DB2-EBD0-4296-A4DE-32C9355E0E3F}.Debug|Any CPU.Build.0 = Debug|Any CPU
		{16A95DB2-EBD0-4296-A4DE-32C9355E0E3F}.Release|Any CPU.ActiveCfg = Release|Any CPU
		{16A95DB2-EBD0-4296-A4DE-32C9355E0E3F}.Release|Any CPU.Build.0 = Release|Any CPU
		{50B4CBF5-045F-459A-80FB-599A5763FE2C}.Debug|Any CPU.ActiveCfg = Debug|Any CPU
		{50B4CBF5-045F-459A-80FB-599A5763FE2C}.Debug|Any CPU.Build.0 = Debug|Any CPU
		{50B4CBF5-045F-459A-80FB-599A5763FE2C}.Release|Any CPU.ActiveCfg = Release|Any CPU
		{50B4CBF5-045F-459A-80FB-599A5763FE2C}.Release|Any CPU.Build.0 = Release|Any CPU
		{E8C8D827-4FD9-4676-9013-D82BF1A398D4}.Debug|Any CPU.ActiveCfg = Debug|Any CPU
		{E8C8D827-4FD9-4676-9013-D82BF1A398D4}.Debug|Any CPU.Build.0 = Debug|Any CPU
		{E8C8D827-4FD9-4676-9013-D82BF1A398D4}.Release|Any CPU.ActiveCfg = Release|Any CPU
		{E8C8D827-4FD9-4676-9013-D82BF1A398D4}.Release|Any CPU.Build.0 = Release|Any CPU
		{E9C655BE-46DB-4954-92EC-91D0FB51D2B2}.Debug|Any CPU.ActiveCfg = Debug|Any CPU
		{E9C655BE-46DB-4954-92EC-91D0FB51D2B2}.Debug|Any CPU.Build.0 = Debug|Any CPU
		{E9C655BE-46DB-4954-92EC-91D0FB51D2B2}.Release|Any CPU.ActiveCfg = Release|Any CPU
		{E9C655BE-46DB-4954-92EC-91D0FB51D2B2}.Release|Any CPU.Build.0 = Release|Any CPU
		{DE93097F-6C48-4650-926C-60FD8EDB0912}.Debug|Any CPU.ActiveCfg = Debug|Any CPU
		{DE93097F-6C48-4650-926C-60FD8EDB0912}.Debug|Any CPU.Build.0 = Debug|Any CPU
		{DE93097F-6C48-4650-926C-60FD8EDB0912}.Release|Any CPU.ActiveCfg = Release|Any CPU
		{DE93097F-6C48-4650-926C-60FD8EDB0912}.Release|Any CPU.Build.0 = Release|Any CPU
		{CEBBB85F-9902-4FA1-9BB0-58E251353A19}.Debug|Any CPU.ActiveCfg = Debug|Any CPU
		{CEBBB85F-9902-4FA1-9BB0-58E251353A19}.Debug|Any CPU.Build.0 = Debug|Any CPU
		{CEBBB85F-9902-4FA1-9BB0-58E251353A19}.Release|Any CPU.ActiveCfg = Release|Any CPU
		{CEBBB85F-9902-4FA1-9BB0-58E251353A19}.Release|Any CPU.Build.0 = Release|Any CPU
		{6E55CFCB-3C98-4D89-8220-39789D038FEA}.Debug|Any CPU.ActiveCfg = Debug|Any CPU
		{6E55CFCB-3C98-4D89-8220-39789D038FEA}.Debug|Any CPU.Build.0 = Debug|Any CPU
		{6E55CFCB-3C98-4D89-8220-39789D038FEA}.Release|Any CPU.ActiveCfg = Release|Any CPU
		{6E55CFCB-3C98-4D89-8220-39789D038FEA}.Release|Any CPU.Build.0 = Release|Any CPU
		{F23B62EF-60F3-4ACE-B9B3-1889C7618AA3}.Debug|Any CPU.ActiveCfg = Debug|Any CPU
		{F23B62EF-60F3-4ACE-B9B3-1889C7618AA3}.Debug|Any CPU.Build.0 = Debug|Any CPU
		{F23B62EF-60F3-4ACE-B9B3-1889C7618AA3}.Release|Any CPU.ActiveCfg = Release|Any CPU
		{F23B62EF-60F3-4ACE-B9B3-1889C7618AA3}.Release|Any CPU.Build.0 = Release|Any CPU
		{0B1B4B06-B34B-4A48-83A1-5F177266F1DB}.Debug|Any CPU.ActiveCfg = Debug|Any CPU
		{0B1B4B06-B34B-4A48-83A1-5F177266F1DB}.Debug|Any CPU.Build.0 = Debug|Any CPU
		{0B1B4B06-B34B-4A48-83A1-5F177266F1DB}.Release|Any CPU.ActiveCfg = Release|Any CPU
		{0B1B4B06-B34B-4A48-83A1-5F177266F1DB}.Release|Any CPU.Build.0 = Release|Any CPU
	EndGlobalSection
	GlobalSection(SolutionProperties) = preSolution
		HideSolutionNode = FALSE
	EndGlobalSection
	GlobalSection(NestedProjects) = preSolution
		{3F626CA2-8D77-4406-B52E-FE2242D73BF6} = {6EA813CE-76C8-4800-9689-8F5A7ACFC8D4}
		{5F515195-A3D9-4765-A929-6B5A8F890113} = {3F626CA2-8D77-4406-B52E-FE2242D73BF6}
		{012B092C-8904-4768-8095-356FE41B1F4E} = {3F626CA2-8D77-4406-B52E-FE2242D73BF6}
		{21D22C1E-6C29-4371-93DA-EBA7F8BA4C58} = {3F626CA2-8D77-4406-B52E-FE2242D73BF6}
		{13D9855F-4FA5-40DF-B655-1DA1B6720F77} = {3F626CA2-8D77-4406-B52E-FE2242D73BF6}
		{9EF2ED5D-1E61-4EAA-BD4C-AB5D5F407759} = {6EA813CE-76C8-4800-9689-8F5A7ACFC8D4}
		{E88B3EBF-7185-4B8E-9A40-A8B7BA2583C3} = {6EA813CE-76C8-4800-9689-8F5A7ACFC8D4}
		{60D363F0-4175-411E-84E8-F42FE47B6FFC} = {6EA813CE-76C8-4800-9689-8F5A7ACFC8D4}
		{6E9C7476-7D32-492E-992B-750ECE2E4846} = {6EA813CE-76C8-4800-9689-8F5A7ACFC8D4}
		{7FE4607E-0763-4ED6-A771-9E3D7CBD44DD} = {E88B3EBF-7185-4B8E-9A40-A8B7BA2583C3}
		{679CFD84-B631-44A5-B578-59D784422139} = {E88B3EBF-7185-4B8E-9A40-A8B7BA2583C3}
		{BFB0AA7D-41FE-4B62-8F87-3BB96C070ED6} = {E88B3EBF-7185-4B8E-9A40-A8B7BA2583C3}
		{46BF6D15-6C2F-4677-836D-333719143DF2} = {9EF2ED5D-1E61-4EAA-BD4C-AB5D5F407759}
		{7AA7998C-FE82-4294-8CEC-D7AFE8DA2F53} = {9EF2ED5D-1E61-4EAA-BD4C-AB5D5F407759}
		{8BA51526-F8C6-4F7C-A475-A6E981AAB42A} = {9EF2ED5D-1E61-4EAA-BD4C-AB5D5F407759}
		{D171C7E2-2578-4787-83EA-4B6C0ACDBF72} = {9EF2ED5D-1E61-4EAA-BD4C-AB5D5F407759}
		{4130E7A5-8264-482A-A63C-F6252FFB7DB4} = {60D363F0-4175-411E-84E8-F42FE47B6FFC}
		{B15D8E7B-E094-4616-93C4-7A200E4689D4} = {60D363F0-4175-411E-84E8-F42FE47B6FFC}
		{EF05B273-EF39-465C-A58D-42BBF281C6DD} = {60D363F0-4175-411E-84E8-F42FE47B6FFC}
		{95020A7F-35A3-4818-B164-3251E1E42A2F} = {60D363F0-4175-411E-84E8-F42FE47B6FFC}
		{8B431926-721A-43D9-9D4E-178E8AC5C52E} = {60D363F0-4175-411E-84E8-F42FE47B6FFC}
		{16A95DB2-EBD0-4296-A4DE-32C9355E0E3F} = {60D363F0-4175-411E-84E8-F42FE47B6FFC}
		{50B4CBF5-045F-459A-80FB-599A5763FE2C} = {60D363F0-4175-411E-84E8-F42FE47B6FFC}
		{E8C8D827-4FD9-4676-9013-D82BF1A398D4} = {6E9C7476-7D32-492E-992B-750ECE2E4846}
		{10B2A374-10E6-4725-B67E-0CA0106B42A0} = {6EA813CE-76C8-4800-9689-8F5A7ACFC8D4}
		{E9C655BE-46DB-4954-92EC-91D0FB51D2B2} = {10B2A374-10E6-4725-B67E-0CA0106B42A0}
		{DE93097F-6C48-4650-926C-60FD8EDB0912} = {10B2A374-10E6-4725-B67E-0CA0106B42A0}
		{CEBBB85F-9902-4FA1-9BB0-58E251353A19} = {10B2A374-10E6-4725-B67E-0CA0106B42A0}
		{6E55CFCB-3C98-4D89-8220-39789D038FEA} = {10B2A374-10E6-4725-B67E-0CA0106B42A0}
		{F23B62EF-60F3-4ACE-B9B3-1889C7618AA3} = {10B2A374-10E6-4725-B67E-0CA0106B42A0}
		{0B1B4B06-B34B-4A48-83A1-5F177266F1DB} = {C60C962C-E1C6-4E94-A5EC-FFDEB7404B0D}
	EndGlobalSection
	GlobalSection(ExtensibilityGlobals) = postSolution
		SolutionGuid = {94A9975D-7594-4450-9302-FFE3AD71CE20}
	EndGlobalSection
EndGlobal
