
Microsoft Visual Studio Solution File, Format Version 12.00
# Visual Studio Version 16
VisualStudioVersion = 16.0.31410.357
MinimumVisualStudioVersion = 10.0.40219.1
Project("{2150E333-8FDC-42A3-9474-1A3956D46DE8}") = "MicroServices", "MicroServices", "{EC4FB9AF-520F-4422-ACE2-7498F259E28F}"
EndProject
Project("{9A19103F-16F7-4668-BE54-9A1E7A4F7556}") = "GatewayAPI", "GatewayAPI\GatewayAPI.csproj", "{E3584950-B01F-49F7-B873-334891A90B97}"
EndProject
Project("{9A19103F-16F7-4668-BE54-9A1E7A4F7556}") = "Identity.MicroService", "User.MicroService\Identity.MicroService.csproj", "{A634245C-4F92-49E9-9B33-B7AEED02FFAD}"
EndProject
Project("{9A19103F-16F7-4668-BE54-9A1E7A4F7556}") = "MenuDatabase", "Menu.Database\MenuDatabase.csproj", "{8EA79003-7836-4D35-B58C-BC4C0646B58A}"
EndProject
Project("{9A19103F-16F7-4668-BE54-9A1E7A4F7556}") = "MicroService.Shared", "MicroService.Shared\MicroService.Shared.csproj", "{B7DA6620-0407-438C-856B-7BCC722A307F}"
EndProject
Project("{9A19103F-16F7-4668-BE54-9A1E7A4F7556}") = "MenuInventory.Microservice", "MenuInventory.Microservice\MenuInventory.Microservice.csproj", "{0E8EA31A-8758-4906-A89D-E62BBE9C841A}"
EndProject
Project("{9A19103F-16F7-4668-BE54-9A1E7A4F7556}") = "BasketService.MicroService", "BasketService.MicroService\BasketService.MicroService.csproj", "{5D3671CC-9471-4312-9BCD-1DF6E25193D6}"
EndProject
Project("{FAE04EC0-301F-11D3-BF4B-00C04F79EFBC}") = "MenuOrder.MicroService", "MenuOrder.MicroService\MenuOrder.MicroService.csproj", "{B735B7CE-AF78-4E3A-AF3D-301AF67B1005}"
EndProject
Global
	GlobalSection(SolutionConfigurationPlatforms) = preSolution
		Debug|Any CPU = Debug|Any CPU
		Release|Any CPU = Release|Any CPU
	EndGlobalSection
	GlobalSection(ProjectConfigurationPlatforms) = postSolution
		{E3584950-B01F-49F7-B873-334891A90B97}.Debug|Any CPU.ActiveCfg = Debug|Any CPU
		{E3584950-B01F-49F7-B873-334891A90B97}.Debug|Any CPU.Build.0 = Debug|Any CPU
		{E3584950-B01F-49F7-B873-334891A90B97}.Release|Any CPU.ActiveCfg = Release|Any CPU
		{E3584950-B01F-49F7-B873-334891A90B97}.Release|Any CPU.Build.0 = Release|Any CPU
		{A634245C-4F92-49E9-9B33-B7AEED02FFAD}.Debug|Any CPU.ActiveCfg = Debug|Any CPU
		{A634245C-4F92-49E9-9B33-B7AEED02FFAD}.Debug|Any CPU.Build.0 = Debug|Any CPU
		{A634245C-4F92-49E9-9B33-B7AEED02FFAD}.Release|Any CPU.ActiveCfg = Release|Any CPU
		{A634245C-4F92-49E9-9B33-B7AEED02FFAD}.Release|Any CPU.Build.0 = Release|Any CPU
		{8EA79003-7836-4D35-B58C-BC4C0646B58A}.Debug|Any CPU.ActiveCfg = Debug|Any CPU
		{8EA79003-7836-4D35-B58C-BC4C0646B58A}.Debug|Any CPU.Build.0 = Debug|Any CPU
		{8EA79003-7836-4D35-B58C-BC4C0646B58A}.Release|Any CPU.ActiveCfg = Release|Any CPU
		{8EA79003-7836-4D35-B58C-BC4C0646B58A}.Release|Any CPU.Build.0 = Release|Any CPU
		{B7DA6620-0407-438C-856B-7BCC722A307F}.Debug|Any CPU.ActiveCfg = Debug|Any CPU
		{B7DA6620-0407-438C-856B-7BCC722A307F}.Debug|Any CPU.Build.0 = Debug|Any CPU
		{B7DA6620-0407-438C-856B-7BCC722A307F}.Release|Any CPU.ActiveCfg = Release|Any CPU
		{B7DA6620-0407-438C-856B-7BCC722A307F}.Release|Any CPU.Build.0 = Release|Any CPU
		{0E8EA31A-8758-4906-A89D-E62BBE9C841A}.Debug|Any CPU.ActiveCfg = Debug|Any CPU
		{0E8EA31A-8758-4906-A89D-E62BBE9C841A}.Debug|Any CPU.Build.0 = Debug|Any CPU
		{0E8EA31A-8758-4906-A89D-E62BBE9C841A}.Release|Any CPU.ActiveCfg = Release|Any CPU
		{0E8EA31A-8758-4906-A89D-E62BBE9C841A}.Release|Any CPU.Build.0 = Release|Any CPU
		{5D3671CC-9471-4312-9BCD-1DF6E25193D6}.Debug|Any CPU.ActiveCfg = Debug|Any CPU
		{5D3671CC-9471-4312-9BCD-1DF6E25193D6}.Debug|Any CPU.Build.0 = Debug|Any CPU
		{5D3671CC-9471-4312-9BCD-1DF6E25193D6}.Release|Any CPU.ActiveCfg = Release|Any CPU
		{5D3671CC-9471-4312-9BCD-1DF6E25193D6}.Release|Any CPU.Build.0 = Release|Any CPU
		{B735B7CE-AF78-4E3A-AF3D-301AF67B1005}.Debug|Any CPU.ActiveCfg = Debug|Any CPU
		{B735B7CE-AF78-4E3A-AF3D-301AF67B1005}.Debug|Any CPU.Build.0 = Debug|Any CPU
		{B735B7CE-AF78-4E3A-AF3D-301AF67B1005}.Release|Any CPU.ActiveCfg = Release|Any CPU
		{B735B7CE-AF78-4E3A-AF3D-301AF67B1005}.Release|Any CPU.Build.0 = Release|Any CPU
	EndGlobalSection
	GlobalSection(SolutionProperties) = preSolution
		HideSolutionNode = FALSE
	EndGlobalSection
	GlobalSection(NestedProjects) = preSolution
		{A634245C-4F92-49E9-9B33-B7AEED02FFAD} = {EC4FB9AF-520F-4422-ACE2-7498F259E28F}
		{0E8EA31A-8758-4906-A89D-E62BBE9C841A} = {EC4FB9AF-520F-4422-ACE2-7498F259E28F}
		{5D3671CC-9471-4312-9BCD-1DF6E25193D6} = {EC4FB9AF-520F-4422-ACE2-7498F259E28F}
		{B735B7CE-AF78-4E3A-AF3D-301AF67B1005} = {EC4FB9AF-520F-4422-ACE2-7498F259E28F}
	EndGlobalSection
	GlobalSection(ExtensibilityGlobals) = postSolution
		SolutionGuid = {9205ABE5-5F68-4004-8637-2E366D0E7280}
	EndGlobalSection
EndGlobal
