
Microsoft Visual Studio Solution File, Format Version 12.00
# Visual Studio Version 17
VisualStudioVersion = 17.4.33110.190
MinimumVisualStudioVersion = 10.0.40219.1
Project("{2150E333-8FDC-42A3-9474-1A3956D46DE8}") = "MicroServices", "MicroServices", "{EC4FB9AF-520F-4422-ACE2-7498F259E28F}"
EndProject
Project("{9A19103F-16F7-4668-BE54-9A1E7A4F7556}") = "GatewayAPI", "GatewayAPI\GatewayAPI.csproj", "{E3584950-B01F-49F7-B873-334891A90B97}"
EndProject
Project("{9A19103F-16F7-4668-BE54-9A1E7A4F7556}") = "HealthCheck.API.MicroService", "Web APIs\HealthCheck.API.MicroService\HealthCheck.API.MicroService.csproj", "{F7DDA68B-3C3C-4A1F-9DA0-81519D072C54}"
EndProject
Project("{2150E333-8FDC-42A3-9474-1A3956D46DE8}") = "Test", "Test", "{97AFDB0F-6243-496D-88B6-8AD392EE9877}"
EndProject
Project("{9A19103F-16F7-4668-BE54-9A1E7A4F7556}") = "Inventory.Microservice.Core", "Core\MenuManagement.Core\Inventory.Microservice.Core.csproj", "{5FC6A043-BC44-4796-86AC-9361197BB2EE}"
EndProject
Project("{9A19103F-16F7-4668-BE54-9A1E7A4F7556}") = "Inventory.Mongo.Persistance", "Infrastructures\Inventory.Mongo.Persistance\Inventory.Mongo.Persistance.csproj", "{72DAAD8B-0860-4F7E-819E-1ED04B551E05}"
EndProject
Project("{9A19103F-16F7-4668-BE54-9A1E7A4F7556}") = "MenuManagement.BasketMicroService.API", "Web APIs\MenuOrder.BasketMicroService.API\MenuManagement.BasketMicroService.API.csproj", "{3F996ADA-77CF-4D94-92CF-AB3F9D60D5A8}"
EndProject
Project("{9A19103F-16F7-4668-BE54-9A1E7A4F7556}") = "MenuOrder.Shared", "Shared\MenuOrder.Shared\MenuOrder.Shared.csproj", "{8C4607E4-69AC-4BFA-800D-D5C8FEC36573}"
EndProject
Project("{9A19103F-16F7-4668-BE54-9A1E7A4F7556}") = "MenuManagment.Mongo.Domain", "Domain\MenuManagment.Domain\MenuManagment.Mongo.Domain.csproj", "{1DA48FC2-F890-4F6A-AC0D-286EAA2B9A10}"
EndProject
Project("{9A19103F-16F7-4668-BE54-9A1E7A4F7556}") = "MenuManagement.InventoryMicroService.API", "Web APIs\MenuManagement.InventoryMicroService.API\MenuManagement.InventoryMicroService.API.csproj", "{1FD07339-0306-476C-8A45-FDE1481BB53B}"
EndProject
Project("{2150E333-8FDC-42A3-9474-1A3956D46DE8}") = "IdentityServer", "IdentityServer", "{8E97A1DA-B00A-4D81-B05B-679B25FB6AB0}"
EndProject
Project("{9A19103F-16F7-4668-BE54-9A1E7A4F7556}") = "IdentityServer.API", "IdentityServer\IdentityServer.API\IdentityServer.API.csproj", "{7194BBE0-07A5-4E4D-9FC5-97D9B73A0726}"
EndProject
Project("{9A19103F-16F7-4668-BE54-9A1E7A4F7556}") = "IdenitityServer.Core", "IdentityServer\IdenitityServer.Core\IdenitityServer.Core.csproj", "{E76317D7-8B83-440D-AB66-5E2311B26C6B}"
EndProject
Project("{9A19103F-16F7-4668-BE54-9A1E7A4F7556}") = "IdentityServer.Infrastruture", "IdentityServer\IdentityServer.Infrastruture\IdentityServer.Infrastruture.csproj", "{1ADB787B-C740-4F50-906D-1782C79B945B}"
EndProject
Project("{9A19103F-16F7-4668-BE54-9A1E7A4F7556}") = "IdentityServer.Tests", "IdentityServer\IdentityServer.Tests\IdentityServer.Tests.csproj", "{F953AEED-AE0A-4F4A-BE15-0CDB97C1F6D3}"
EndProject
Project("{2150E333-8FDC-42A3-9474-1A3956D46DE8}") = "OldProject", "OldProject", "{F905BBB7-6D0D-4179-826C-48A92E38076C}"
EndProject
Project("{9A19103F-16F7-4668-BE54-9A1E7A4F7556}") = "MenuManagement_IdentityServer", "OldProject\MenuManagement_IdentityServer\MenuManagement_IdentityServer\MenuManagement_IdentityServer.csproj", "{0E263D93-8F0A-4162-87A4-E7AA7FA026E9}"
EndProject
Project("{9A19103F-16F7-4668-BE54-9A1E7A4F7556}") = "MenuInventory.Microservice", "OldProject\MenuInventory.Microservice\MenuInventory.Microservice.csproj", "{40FF73A7-BEFD-4B0C-A10B-7628B82595A1}"
EndProject
Project("{9A19103F-16F7-4668-BE54-9A1E7A4F7556}") = "BasketService.MicroService", "OldProject\BasketService.MicroService\BasketService.MicroService.csproj", "{90E30CAC-B956-4B1B-AA6E-9302F097BF93}"
EndProject
Project("{9A19103F-16F7-4668-BE54-9A1E7A4F7556}") = "Common.Utility", "OldProject\MicroService.Shared\Common.Utility.csproj", "{65765A08-10B8-440A-A1D2-0539E0F22C07}"
EndProject
Project("{9A19103F-16F7-4668-BE54-9A1E7A4F7556}") = "Common.Mongo.Database", "OldProject\Menu.Database\Common.Mongo.Database.csproj", "{7FA0C511-7814-4EE6-AA8D-15CF7D7DA2E5}"
EndProject
Project("{2150E333-8FDC-42A3-9474-1A3956D46DE8}") = "Web APIs", "Web APIs", "{811FA712-EC2E-4759-B8D3-1F6428E99167}"
EndProject
Project("{2150E333-8FDC-42A3-9474-1A3956D46DE8}") = "Core", "Core", "{71B47887-05DC-4269-8571-CEF8482A5638}"
EndProject
Project("{2150E333-8FDC-42A3-9474-1A3956D46DE8}") = "Infrastructures", "Infrastructures", "{48513472-D17E-4F30-AFCB-FB29350ECB0E}"
EndProject
Project("{2150E333-8FDC-42A3-9474-1A3956D46DE8}") = "Domain", "Domain", "{4611F8E5-4B06-4279-94CF-F1A7A449C0C3}"
EndProject
Project("{2150E333-8FDC-42A3-9474-1A3956D46DE8}") = "Shared", "Shared", "{B09520D4-6101-412C-BEAD-6F1D393D4C0B}"
EndProject
Project("{9A19103F-16F7-4668-BE54-9A1E7A4F7556}") = "Notification.Microservice.Core", "Core\Notification.Microservice.Core\Notification.Microservice.Core.csproj", "{19E65A6B-3DB8-4789-BF59-4849708D056B}"
EndProject
Project("{9A19103F-16F7-4668-BE54-9A1E7A4F7556}") = "MenuManagement.Notification.API", "Web APIs\MenuManagement.Notification.API\MenuManagement.Notification.API.csproj", "{E5FF7F13-1DDA-4899-92D1-730A97F42A46}"
EndProject
Project("{9A19103F-16F7-4668-BE54-9A1E7A4F7556}") = "MongoDb.Shared.Persistance", "Infrastructures\MongoDb.Shared.Persistance\MongoDb.Shared.Persistance.csproj", "{03417895-7EE3-4466-84FE-57B49EF1D4F2}"
EndProject
Project("{9A19103F-16F7-4668-BE54-9A1E7A4F7556}") = "Notification.Mongo.Persistance", "Infrastructures\Notification.Mongo.Persistance\Notification.Mongo.Persistance.csproj", "{B3E6B50F-CB79-4ADC-BF8D-E4B39DB87000}"
EndProject
Project("{9A19103F-16F7-4668-BE54-9A1E7A4F7556}") = "MenuMangement.Infrastructure.HttpClient", "Infrastructures\MenuMangement.Infrastructure.HttpClient\MenuMangement.Infrastructure.HttpClient.csproj", "{32AFF854-1327-4E11-A5D0-3910E003B1F5}"
EndProject
Project("{2150E333-8FDC-42A3-9474-1A3956D46DE8}") = "WebJobs", "WebJobs", "{F5491DC2-1A89-4DE7-85F5-BCB7A67BE776}"
EndProject
Project("{9A19103F-16F7-4668-BE54-9A1E7A4F7556}") = "VendorRegistration.WebJob", "WebJobs\VendorRegistration.WebJob\VendorRegistration.WebJob.csproj", "{1C0B7E1E-5E78-416F-88A2-7DDF86FFDE1E}"
EndProject
Project("{9A19103F-16F7-4668-BE54-9A1E7A4F7556}") = "MenuManagement.Infrastruture.RabbitMqClient", "Infrastructures\MenuManagement.Infrastruture.RabbitMqClient\MenuManagement.Infrastruture.RabbitMqClient.csproj", "{5AA5D998-51C3-419E-A23F-D3BF7B7EBD28}"
EndProject
Project("{9A19103F-16F7-4668-BE54-9A1E7A4F7556}") = "MenuManagement.Webjob.Core", "Core\VendorRegistration.Webjob.Core\MenuManagement.Webjob.Core.csproj", "{A1EDE62B-C935-466E-B757-7C5AA795F550}"
EndProject
Project("{9A19103F-16F7-4668-BE54-9A1E7A4F7556}") = "MenuManagement.HttpClient.Domain", "Shared\MenuManagement.RabbitMqClient.Domain\MenuManagement.HttpClient.Domain.csproj", "{1FCAD0ED-E106-429F-A547-36E9C5AC55E5}"
EndProject
Global
	GlobalSection(SolutionConfigurationPlatforms) = preSolution
		Debug|Any CPU = Debug|Any CPU
		Release|Any CPU = Release|Any CPU
	EndGlobalSection
	GlobalSection(ProjectConfigurationPlatforms) = postSolution
		{E3584950-B01F-49F7-B873-334891A90B97}.Debug|Any CPU.ActiveCfg = Debug|Any CPU
		{E3584950-B01F-49F7-B873-334891A90B97}.Debug|Any CPU.Build.0 = Debug|Any CPU
		{E3584950-B01F-49F7-B873-334891A90B97}.Release|Any CPU.ActiveCfg = Release|Any CPU
		{E3584950-B01F-49F7-B873-334891A90B97}.Release|Any CPU.Build.0 = Release|Any CPU
		{F7DDA68B-3C3C-4A1F-9DA0-81519D072C54}.Debug|Any CPU.ActiveCfg = Debug|Any CPU
		{F7DDA68B-3C3C-4A1F-9DA0-81519D072C54}.Debug|Any CPU.Build.0 = Debug|Any CPU
		{F7DDA68B-3C3C-4A1F-9DA0-81519D072C54}.Release|Any CPU.ActiveCfg = Release|Any CPU
		{F7DDA68B-3C3C-4A1F-9DA0-81519D072C54}.Release|Any CPU.Build.0 = Release|Any CPU
		{5FC6A043-BC44-4796-86AC-9361197BB2EE}.Debug|Any CPU.ActiveCfg = Debug|Any CPU
		{5FC6A043-BC44-4796-86AC-9361197BB2EE}.Debug|Any CPU.Build.0 = Debug|Any CPU
		{5FC6A043-BC44-4796-86AC-9361197BB2EE}.Release|Any CPU.ActiveCfg = Release|Any CPU
		{5FC6A043-BC44-4796-86AC-9361197BB2EE}.Release|Any CPU.Build.0 = Release|Any CPU
		{72DAAD8B-0860-4F7E-819E-1ED04B551E05}.Debug|Any CPU.ActiveCfg = Debug|Any CPU
		{72DAAD8B-0860-4F7E-819E-1ED04B551E05}.Debug|Any CPU.Build.0 = Debug|Any CPU
		{72DAAD8B-0860-4F7E-819E-1ED04B551E05}.Release|Any CPU.ActiveCfg = Release|Any CPU
		{72DAAD8B-0860-4F7E-819E-1ED04B551E05}.Release|Any CPU.Build.0 = Release|Any CPU
		{3F996ADA-77CF-4D94-92CF-AB3F9D60D5A8}.Debug|Any CPU.ActiveCfg = Debug|Any CPU
		{3F996ADA-77CF-4D94-92CF-AB3F9D60D5A8}.Debug|Any CPU.Build.0 = Debug|Any CPU
		{3F996ADA-77CF-4D94-92CF-AB3F9D60D5A8}.Release|Any CPU.ActiveCfg = Release|Any CPU
		{3F996ADA-77CF-4D94-92CF-AB3F9D60D5A8}.Release|Any CPU.Build.0 = Release|Any CPU
		{8C4607E4-69AC-4BFA-800D-D5C8FEC36573}.Debug|Any CPU.ActiveCfg = Debug|Any CPU
		{8C4607E4-69AC-4BFA-800D-D5C8FEC36573}.Debug|Any CPU.Build.0 = Debug|Any CPU
		{8C4607E4-69AC-4BFA-800D-D5C8FEC36573}.Release|Any CPU.ActiveCfg = Release|Any CPU
		{8C4607E4-69AC-4BFA-800D-D5C8FEC36573}.Release|Any CPU.Build.0 = Release|Any CPU
		{1DA48FC2-F890-4F6A-AC0D-286EAA2B9A10}.Debug|Any CPU.ActiveCfg = Debug|Any CPU
		{1DA48FC2-F890-4F6A-AC0D-286EAA2B9A10}.Debug|Any CPU.Build.0 = Debug|Any CPU
		{1DA48FC2-F890-4F6A-AC0D-286EAA2B9A10}.Release|Any CPU.ActiveCfg = Release|Any CPU
		{1DA48FC2-F890-4F6A-AC0D-286EAA2B9A10}.Release|Any CPU.Build.0 = Release|Any CPU
		{1FD07339-0306-476C-8A45-FDE1481BB53B}.Debug|Any CPU.ActiveCfg = Debug|Any CPU
		{1FD07339-0306-476C-8A45-FDE1481BB53B}.Debug|Any CPU.Build.0 = Debug|Any CPU
		{1FD07339-0306-476C-8A45-FDE1481BB53B}.Release|Any CPU.ActiveCfg = Release|Any CPU
		{1FD07339-0306-476C-8A45-FDE1481BB53B}.Release|Any CPU.Build.0 = Release|Any CPU
		{7194BBE0-07A5-4E4D-9FC5-97D9B73A0726}.Debug|Any CPU.ActiveCfg = Debug|Any CPU
		{7194BBE0-07A5-4E4D-9FC5-97D9B73A0726}.Debug|Any CPU.Build.0 = Debug|Any CPU
		{7194BBE0-07A5-4E4D-9FC5-97D9B73A0726}.Release|Any CPU.ActiveCfg = Release|Any CPU
		{7194BBE0-07A5-4E4D-9FC5-97D9B73A0726}.Release|Any CPU.Build.0 = Release|Any CPU
		{E76317D7-8B83-440D-AB66-5E2311B26C6B}.Debug|Any CPU.ActiveCfg = Debug|Any CPU
		{E76317D7-8B83-440D-AB66-5E2311B26C6B}.Debug|Any CPU.Build.0 = Debug|Any CPU
		{E76317D7-8B83-440D-AB66-5E2311B26C6B}.Release|Any CPU.ActiveCfg = Release|Any CPU
		{E76317D7-8B83-440D-AB66-5E2311B26C6B}.Release|Any CPU.Build.0 = Release|Any CPU
		{1ADB787B-C740-4F50-906D-1782C79B945B}.Debug|Any CPU.ActiveCfg = Debug|Any CPU
		{1ADB787B-C740-4F50-906D-1782C79B945B}.Debug|Any CPU.Build.0 = Debug|Any CPU
		{1ADB787B-C740-4F50-906D-1782C79B945B}.Release|Any CPU.ActiveCfg = Release|Any CPU
		{1ADB787B-C740-4F50-906D-1782C79B945B}.Release|Any CPU.Build.0 = Release|Any CPU
		{F953AEED-AE0A-4F4A-BE15-0CDB97C1F6D3}.Debug|Any CPU.ActiveCfg = Debug|Any CPU
		{F953AEED-AE0A-4F4A-BE15-0CDB97C1F6D3}.Debug|Any CPU.Build.0 = Debug|Any CPU
		{F953AEED-AE0A-4F4A-BE15-0CDB97C1F6D3}.Release|Any CPU.ActiveCfg = Release|Any CPU
		{F953AEED-AE0A-4F4A-BE15-0CDB97C1F6D3}.Release|Any CPU.Build.0 = Release|Any CPU
		{0E263D93-8F0A-4162-87A4-E7AA7FA026E9}.Debug|Any CPU.ActiveCfg = Debug|Any CPU
		{0E263D93-8F0A-4162-87A4-E7AA7FA026E9}.Debug|Any CPU.Build.0 = Debug|Any CPU
		{0E263D93-8F0A-4162-87A4-E7AA7FA026E9}.Release|Any CPU.ActiveCfg = Release|Any CPU
		{0E263D93-8F0A-4162-87A4-E7AA7FA026E9}.Release|Any CPU.Build.0 = Release|Any CPU
		{40FF73A7-BEFD-4B0C-A10B-7628B82595A1}.Debug|Any CPU.ActiveCfg = Debug|Any CPU
		{40FF73A7-BEFD-4B0C-A10B-7628B82595A1}.Debug|Any CPU.Build.0 = Debug|Any CPU
		{40FF73A7-BEFD-4B0C-A10B-7628B82595A1}.Release|Any CPU.ActiveCfg = Release|Any CPU
		{40FF73A7-BEFD-4B0C-A10B-7628B82595A1}.Release|Any CPU.Build.0 = Release|Any CPU
		{90E30CAC-B956-4B1B-AA6E-9302F097BF93}.Debug|Any CPU.ActiveCfg = Debug|Any CPU
		{90E30CAC-B956-4B1B-AA6E-9302F097BF93}.Debug|Any CPU.Build.0 = Debug|Any CPU
		{90E30CAC-B956-4B1B-AA6E-9302F097BF93}.Release|Any CPU.ActiveCfg = Release|Any CPU
		{90E30CAC-B956-4B1B-AA6E-9302F097BF93}.Release|Any CPU.Build.0 = Release|Any CPU
		{65765A08-10B8-440A-A1D2-0539E0F22C07}.Debug|Any CPU.ActiveCfg = Debug|Any CPU
		{65765A08-10B8-440A-A1D2-0539E0F22C07}.Debug|Any CPU.Build.0 = Debug|Any CPU
		{65765A08-10B8-440A-A1D2-0539E0F22C07}.Release|Any CPU.ActiveCfg = Release|Any CPU
		{65765A08-10B8-440A-A1D2-0539E0F22C07}.Release|Any CPU.Build.0 = Release|Any CPU
		{7FA0C511-7814-4EE6-AA8D-15CF7D7DA2E5}.Debug|Any CPU.ActiveCfg = Debug|Any CPU
		{7FA0C511-7814-4EE6-AA8D-15CF7D7DA2E5}.Debug|Any CPU.Build.0 = Debug|Any CPU
		{7FA0C511-7814-4EE6-AA8D-15CF7D7DA2E5}.Release|Any CPU.ActiveCfg = Release|Any CPU
		{7FA0C511-7814-4EE6-AA8D-15CF7D7DA2E5}.Release|Any CPU.Build.0 = Release|Any CPU
		{19E65A6B-3DB8-4789-BF59-4849708D056B}.Debug|Any CPU.ActiveCfg = Debug|Any CPU
		{19E65A6B-3DB8-4789-BF59-4849708D056B}.Debug|Any CPU.Build.0 = Debug|Any CPU
		{19E65A6B-3DB8-4789-BF59-4849708D056B}.Release|Any CPU.ActiveCfg = Release|Any CPU
		{19E65A6B-3DB8-4789-BF59-4849708D056B}.Release|Any CPU.Build.0 = Release|Any CPU
		{E5FF7F13-1DDA-4899-92D1-730A97F42A46}.Debug|Any CPU.ActiveCfg = Debug|Any CPU
		{E5FF7F13-1DDA-4899-92D1-730A97F42A46}.Debug|Any CPU.Build.0 = Debug|Any CPU
		{E5FF7F13-1DDA-4899-92D1-730A97F42A46}.Release|Any CPU.ActiveCfg = Release|Any CPU
		{E5FF7F13-1DDA-4899-92D1-730A97F42A46}.Release|Any CPU.Build.0 = Release|Any CPU
		{03417895-7EE3-4466-84FE-57B49EF1D4F2}.Debug|Any CPU.ActiveCfg = Debug|Any CPU
		{03417895-7EE3-4466-84FE-57B49EF1D4F2}.Debug|Any CPU.Build.0 = Debug|Any CPU
		{03417895-7EE3-4466-84FE-57B49EF1D4F2}.Release|Any CPU.ActiveCfg = Release|Any CPU
		{03417895-7EE3-4466-84FE-57B49EF1D4F2}.Release|Any CPU.Build.0 = Release|Any CPU
		{B3E6B50F-CB79-4ADC-BF8D-E4B39DB87000}.Debug|Any CPU.ActiveCfg = Debug|Any CPU
		{B3E6B50F-CB79-4ADC-BF8D-E4B39DB87000}.Debug|Any CPU.Build.0 = Debug|Any CPU
		{B3E6B50F-CB79-4ADC-BF8D-E4B39DB87000}.Release|Any CPU.ActiveCfg = Release|Any CPU
		{B3E6B50F-CB79-4ADC-BF8D-E4B39DB87000}.Release|Any CPU.Build.0 = Release|Any CPU
		{32AFF854-1327-4E11-A5D0-3910E003B1F5}.Debug|Any CPU.ActiveCfg = Debug|Any CPU
		{32AFF854-1327-4E11-A5D0-3910E003B1F5}.Debug|Any CPU.Build.0 = Debug|Any CPU
		{32AFF854-1327-4E11-A5D0-3910E003B1F5}.Release|Any CPU.ActiveCfg = Release|Any CPU
		{32AFF854-1327-4E11-A5D0-3910E003B1F5}.Release|Any CPU.Build.0 = Release|Any CPU
		{1C0B7E1E-5E78-416F-88A2-7DDF86FFDE1E}.Debug|Any CPU.ActiveCfg = Debug|Any CPU
		{1C0B7E1E-5E78-416F-88A2-7DDF86FFDE1E}.Debug|Any CPU.Build.0 = Debug|Any CPU
		{1C0B7E1E-5E78-416F-88A2-7DDF86FFDE1E}.Release|Any CPU.ActiveCfg = Release|Any CPU
		{1C0B7E1E-5E78-416F-88A2-7DDF86FFDE1E}.Release|Any CPU.Build.0 = Release|Any CPU
		{5AA5D998-51C3-419E-A23F-D3BF7B7EBD28}.Debug|Any CPU.ActiveCfg = Debug|Any CPU
		{5AA5D998-51C3-419E-A23F-D3BF7B7EBD28}.Debug|Any CPU.Build.0 = Debug|Any CPU
		{5AA5D998-51C3-419E-A23F-D3BF7B7EBD28}.Release|Any CPU.ActiveCfg = Release|Any CPU
		{5AA5D998-51C3-419E-A23F-D3BF7B7EBD28}.Release|Any CPU.Build.0 = Release|Any CPU
		{A1EDE62B-C935-466E-B757-7C5AA795F550}.Debug|Any CPU.ActiveCfg = Debug|Any CPU
		{A1EDE62B-C935-466E-B757-7C5AA795F550}.Debug|Any CPU.Build.0 = Debug|Any CPU
		{A1EDE62B-C935-466E-B757-7C5AA795F550}.Release|Any CPU.ActiveCfg = Release|Any CPU
		{A1EDE62B-C935-466E-B757-7C5AA795F550}.Release|Any CPU.Build.0 = Release|Any CPU
		{1FCAD0ED-E106-429F-A547-36E9C5AC55E5}.Debug|Any CPU.ActiveCfg = Debug|Any CPU
		{1FCAD0ED-E106-429F-A547-36E9C5AC55E5}.Debug|Any CPU.Build.0 = Debug|Any CPU
		{1FCAD0ED-E106-429F-A547-36E9C5AC55E5}.Release|Any CPU.ActiveCfg = Release|Any CPU
		{1FCAD0ED-E106-429F-A547-36E9C5AC55E5}.Release|Any CPU.Build.0 = Release|Any CPU
	EndGlobalSection
	GlobalSection(SolutionProperties) = preSolution
		HideSolutionNode = FALSE
	EndGlobalSection
	GlobalSection(NestedProjects) = preSolution
		{F7DDA68B-3C3C-4A1F-9DA0-81519D072C54} = {811FA712-EC2E-4759-B8D3-1F6428E99167}
		{5FC6A043-BC44-4796-86AC-9361197BB2EE} = {71B47887-05DC-4269-8571-CEF8482A5638}
		{72DAAD8B-0860-4F7E-819E-1ED04B551E05} = {48513472-D17E-4F30-AFCB-FB29350ECB0E}
		{3F996ADA-77CF-4D94-92CF-AB3F9D60D5A8} = {811FA712-EC2E-4759-B8D3-1F6428E99167}
		{8C4607E4-69AC-4BFA-800D-D5C8FEC36573} = {B09520D4-6101-412C-BEAD-6F1D393D4C0B}
		{1DA48FC2-F890-4F6A-AC0D-286EAA2B9A10} = {4611F8E5-4B06-4279-94CF-F1A7A449C0C3}
		{1FD07339-0306-476C-8A45-FDE1481BB53B} = {811FA712-EC2E-4759-B8D3-1F6428E99167}
		{8E97A1DA-B00A-4D81-B05B-679B25FB6AB0} = {EC4FB9AF-520F-4422-ACE2-7498F259E28F}
		{7194BBE0-07A5-4E4D-9FC5-97D9B73A0726} = {8E97A1DA-B00A-4D81-B05B-679B25FB6AB0}
		{E76317D7-8B83-440D-AB66-5E2311B26C6B} = {8E97A1DA-B00A-4D81-B05B-679B25FB6AB0}
		{1ADB787B-C740-4F50-906D-1782C79B945B} = {8E97A1DA-B00A-4D81-B05B-679B25FB6AB0}
		{F953AEED-AE0A-4F4A-BE15-0CDB97C1F6D3} = {8E97A1DA-B00A-4D81-B05B-679B25FB6AB0}
		{F905BBB7-6D0D-4179-826C-48A92E38076C} = {EC4FB9AF-520F-4422-ACE2-7498F259E28F}
		{0E263D93-8F0A-4162-87A4-E7AA7FA026E9} = {F905BBB7-6D0D-4179-826C-48A92E38076C}
		{40FF73A7-BEFD-4B0C-A10B-7628B82595A1} = {F905BBB7-6D0D-4179-826C-48A92E38076C}
		{90E30CAC-B956-4B1B-AA6E-9302F097BF93} = {F905BBB7-6D0D-4179-826C-48A92E38076C}
		{65765A08-10B8-440A-A1D2-0539E0F22C07} = {F905BBB7-6D0D-4179-826C-48A92E38076C}
		{7FA0C511-7814-4EE6-AA8D-15CF7D7DA2E5} = {F905BBB7-6D0D-4179-826C-48A92E38076C}
		{811FA712-EC2E-4759-B8D3-1F6428E99167} = {EC4FB9AF-520F-4422-ACE2-7498F259E28F}
		{71B47887-05DC-4269-8571-CEF8482A5638} = {EC4FB9AF-520F-4422-ACE2-7498F259E28F}
		{48513472-D17E-4F30-AFCB-FB29350ECB0E} = {EC4FB9AF-520F-4422-ACE2-7498F259E28F}
		{4611F8E5-4B06-4279-94CF-F1A7A449C0C3} = {EC4FB9AF-520F-4422-ACE2-7498F259E28F}
		{B09520D4-6101-412C-BEAD-6F1D393D4C0B} = {EC4FB9AF-520F-4422-ACE2-7498F259E28F}
		{19E65A6B-3DB8-4789-BF59-4849708D056B} = {71B47887-05DC-4269-8571-CEF8482A5638}
		{E5FF7F13-1DDA-4899-92D1-730A97F42A46} = {811FA712-EC2E-4759-B8D3-1F6428E99167}
		{03417895-7EE3-4466-84FE-57B49EF1D4F2} = {48513472-D17E-4F30-AFCB-FB29350ECB0E}
		{B3E6B50F-CB79-4ADC-BF8D-E4B39DB87000} = {48513472-D17E-4F30-AFCB-FB29350ECB0E}
		{32AFF854-1327-4E11-A5D0-3910E003B1F5} = {48513472-D17E-4F30-AFCB-FB29350ECB0E}
		{F5491DC2-1A89-4DE7-85F5-BCB7A67BE776} = {EC4FB9AF-520F-4422-ACE2-7498F259E28F}
		{1C0B7E1E-5E78-416F-88A2-7DDF86FFDE1E} = {F5491DC2-1A89-4DE7-85F5-BCB7A67BE776}
		{5AA5D998-51C3-419E-A23F-D3BF7B7EBD28} = {48513472-D17E-4F30-AFCB-FB29350ECB0E}
		{A1EDE62B-C935-466E-B757-7C5AA795F550} = {71B47887-05DC-4269-8571-CEF8482A5638}
		{1FCAD0ED-E106-429F-A547-36E9C5AC55E5} = {B09520D4-6101-412C-BEAD-6F1D393D4C0B}
	EndGlobalSection
	GlobalSection(ExtensibilityGlobals) = postSolution
		SolutionGuid = {9205ABE5-5F68-4004-8637-2E366D0E7280}
	EndGlobalSection
EndGlobal
